
Microsoft Visual Studio Solution File, Format Version 12.00
# Visual Studio Version 17
VisualStudioVersion = 17.8.34330.188
MinimumVisualStudioVersion = 10.0.40219.1
Project("{9A19103F-16F7-4668-BE54-9A1E7A4F7556}") = "ErgoProxy", "ErgoProxy\ErgoProxy.csproj", "{AB603FDE-8FB1-411A-8F0F-06C2ECE19412}"
EndProject
Project("{E53339B2-1760-4266-BCC7-CA923CBCF16C}") = "docker-compose", "docker-compose.dcproj", "{F2C17833-4818-4FED-B853-35F59E8ED3A2}"
EndProject
Global
	GlobalSection(SolutionConfigurationPlatforms) = preSolution
		Debug|Any CPU = Debug|Any CPU
		Release|Any CPU = Release|Any CPU
	EndGlobalSection
	GlobalSection(ProjectConfigurationPlatforms) = postSolution
		{AB603FDE-8FB1-411A-8F0F-06C2ECE19412}.Debug|Any CPU.ActiveCfg = Debug|Any CPU
		{AB603FDE-8FB1-411A-8F0F-06C2ECE19412}.Debug|Any CPU.Build.0 = Debug|Any CPU
		{AB603FDE-8FB1-411A-8F0F-06C2ECE19412}.Release|Any CPU.ActiveCfg = Release|Any CPU
		{AB603FDE-8FB1-411A-8F0F-06C2ECE19412}.Release|Any CPU.Build.0 = Release|Any CPU
		{F2C17833-4818-4FED-B853-35F59E8ED3A2}.Debug|Any CPU.ActiveCfg = Debug|Any CPU
		{F2C17833-4818-4FED-B853-35F59E8ED3A2}.Debug|Any CPU.Build.0 = Debug|Any CPU
		{F2C17833-4818-4FED-B853-35F59E8ED3A2}.Release|Any CPU.ActiveCfg = Release|Any CPU
		{F2C17833-4818-4FED-B853-35F59E8ED3A2}.Release|Any CPU.Build.0 = Release|Any CPU
	EndGlobalSection
	GlobalSection(SolutionProperties) = preSolution
		HideSolutionNode = FALSE
	EndGlobalSection
	GlobalSection(ExtensibilityGlobals) = postSolution
		SolutionGuid = {F7A4396B-BC42-490F-90D3-CE4A6B839FDA}
	EndGlobalSection
EndGlobal
